lockfileVersion: '9.0'

settings:
  autoInstallPeers: true
  excludeLinksFromLockfile: false

importers:

  .:
    dependencies:
      '@tanstack/react-router':
        specifier: ^1.119.0
        version: 1.119.0(react-dom@19.1.0(react@19.1.0))(react@19.1.0)
      '@tanstack/react-router-devtools':
        specifier: ^1.119.1
        version: 1.119.1(@tanstack/react-router@1.119.0(react-dom@19.1.0(react@19.1.0))(react@19.1.0))(@tanstack/router-core@1.119.0)(csstype@3.1.3)(react-dom@19.1.0(react@19.1.0))(react@19.1.0)(tiny-invariant@1.3.3)

packages:

  '@tanstack/history@1.115.0':
    resolution: {integrity: sha512-K7JJNrRVvyjAVnbXOH2XLRhFXDkeP54Kt2P4FR1Kl2KDGlIbkua5VqZQD2rot3qaDrpufyUa63nuLai1kOLTsQ==}
    engines: {node: '>=12'}

  '@tanstack/react-router-devtools@1.119.1':
    resolution: {integrity: sha512-pM+80Yu5k2pe2LxW9kqk+r4j2RhJKol4mvH7Tdwr9R6LaR2ZNmnoMVPXikaIYOfCk/B4rmWMfk5M0DTlOm6iBg==}
    engines: {node: '>=12'}
    peerDependencies:
      '@tanstack/react-router': ^1.119.0
      react: '>=18.0.0 || >=19.0.0'
      react-dom: '>=18.0.0 || >=19.0.0'

  '@tanstack/react-router@1.119.0':
    resolution: {integrity: sha512-wjT8zQAXsCfsWXiKhqJcarAsvOIUjnTBIFb2tTtO/2AD7rjD7VPaRpkFhqs8TdvuSEqv+V/9xfN/eTeBLUdr1g==}
    engines: {node: '>=12'}
    peerDependencies:
      react: '>=18.0.0 || >=19.0.0'
      react-dom: '>=18.0.0 || >=19.0.0'

  '@tanstack/react-store@0.7.0':
    resolution: {integrity: sha512-S/Rq17HaGOk+tQHV/yrePMnG1xbsKZIl/VsNWnNXt4XW+tTY8dTlvpJH2ZQ3GRALsusG5K6Q3unAGJ2pd9W/Ng==}
    peerDependencies:
      react: ^16.8.0 || ^17.0.0 || ^18.0.0 || ^19.0.0
      react-dom: ^16.8.0 || ^17.0.0 || ^18.0.0 || ^19.0.0

  '@tanstack/router-core@1.119.0':
    resolution: {integrity: sha512-3dZYP5cCq3jJYgnRDzKR3w4sYzrXP5sw1st303ye87VV26r31I8UaIuUEs7kiJaxgWBvqHglWCiygBWQODZXVw==}
    engines: {node: '>=12'}

  '@tanstack/router-devtools-core@1.119.0':
    resolution: {integrity: sha512-CH2Hx4J2UOigFtKR0anQfNiWQfidV2S7AZafkeo/S885IxwoFK7xXWzYxNbUhCDJC2tsBJ+XKjgxeBv5wGi62Q==}
    engines: {node: '>=12'}
    peerDependencies:
      '@tanstack/router-core': ^1.119.0
      csstype: ^3.0.10
      solid-js: '>=1.9.5'
      tiny-invariant: ^1.3.3
    peerDependenciesMeta:
      csstype:
        optional: true

  '@tanstack/store@0.7.0':
    resolution: {integrity: sha512-CNIhdoUsmD2NolYuaIs8VfWM467RK6oIBAW4nPEKZhg1smZ+/CwtCdpURgp7nxSqOaV9oKkzdWD80+bC66F/Jg==}

  clsx@2.1.1:
    resolution: {integrity: sha512-eYm0QWBtUrBWZWG0d386OGAw16Z995PiOVo2B7bjWSbHedGl5e0ZWaq65kOGgUSNesEIDkB9ISbTg/JK9dhCZA==}
    engines: {node: '>=6'}

  csstype@3.1.3:
    resolution: {integrity: sha512-M1uQkMl8rQK/szD0LNhtqxIPLpimGm8sOBwU7lLnCpSbTyY3yeU1Vc7l4KT5zT4s/yOxHH5O7tIuuLOCnLADRw==}

  goober@2.1.16:
    resolution: {integrity: sha512-erjk19y1U33+XAMe1VTvIONHYoSqE4iS7BYUZfHaqeohLmnC0FdxEh7rQU+6MZ4OajItzjZFSRtVANrQwNq6/g==}
    peerDependencies:
      csstype: ^3.0.10

  jsesc@3.1.0:
    resolution: {integrity: sha512-/sM3dO2FOzXjKQhJuo0Q173wf2KOo8t4I8vHy6lF9poUp7bKT0/NHE8fPX23PwfhnykfqnC2xRxOnVw5XuGIaA==}
    engines: {node: '>=6'}
    hasBin: true

  react-dom@19.1.0:
    resolution: {integrity: sha512-Xs1hdnE+DyKgeHJeJznQmYMIBG3TKIHJJT95Q58nHLSrElKlGQqDTR2HQ9fx5CN/Gk6Vh/kupBTDLU11/nDk/g==}
    peerDependencies:
      react: ^19.1.0

  react@19.1.0:
    resolution: {integrity: sha512-FS+XFBNvn3GTAWq26joslQgWNoFu08F4kl0J4CgdNKADkdSGXQyTCnKteIAJy96Br6YbpEU1LSzV5dYtjMkMDg==}
    engines: {node: '>=0.10.0'}

  scheduler@0.26.0:
    resolution: {integrity: sha512-NlHwttCI/l5gCPR3D1nNXtWABUmBwvZpEQiD4IXSbIDq8BzLIK/7Ir5gTFSGZDUu37K5cMNp0hFtzO38sC7gWA==}

  seroval-plugins@1.2.1:
    resolution: {integrity: sha512-H5vs53+39+x4Udwp4J5rNZfgFuA+Lt+uU+09w1gYBVWomtAl98B+E9w7yC05Xc81/HgLvJdlyqJbU0fJCKCmdw==}
    engines: {node: '>=10'}
    peerDependencies:
      seroval: ^1.0

  seroval@1.2.1:
    resolution: {integrity: sha512-yBxFFs3zmkvKNmR0pFSU//rIsYjuX418TnlDmc2weaq5XFDqDIV/NOMPBoLrbxjLH42p4UzRuXHryXh9dYcKcw==}
    engines: {node: '>=10'}

  solid-js@1.9.5:
    resolution: {integrity: sha512-ogI3DaFcyn6UhYhrgcyRAMbu/buBJitYQASZz5WzfQVPP10RD2AbCoRZ517psnezrasyCbWzIxZ6kVqet768xw==}

  tiny-invariant@1.3.3:
    resolution: {integrity: sha512-+FbBPE1o9QAYvviau/qC5SE3caw21q3xkvWKBtja5vgqOWIHHJ3ioaq1VPfn/Szqctz2bU/oYeKd9/z5BL+PVg==}

  tiny-warning@1.0.3:
    resolution: {integrity: sha512-lBN9zLN/oAf68o3zNXYrdCt1kP8WsiGW8Oo2ka41b2IM5JL/S1CTyX1rW0mb/zSuJun0ZUrDxx4sqvYS2FWzPA==}

  use-sync-external-store@1.5.0:
    resolution: {integrity: sha512-Rb46I4cGGVBmjamjphe8L/UnvJD+uPPtTkNvX5mZgqdbavhI4EbgIWJiIHXJ8bc/i9EQGPRh4DwEURJ552Do0A==}
    peerDependencies:
      react: ^16.8.0 || ^17.0.0 || ^18.0.0 || ^19.0.0

snapshots:

  '@tanstack/history@1.115.0': {}

  '@tanstack/react-router-devtools@1.119.1(@tanstack/react-router@1.119.0(react-dom@19.1.0(react@19.1.0))(react@19.1.0))(@tanstack/router-core@1.119.0)(csstype@3.1.3)(react-dom@19.1.0(react@19.1.0))(react@19.1.0)(tiny-invariant@1.3.3)':
    dependencies:
      '@tanstack/react-router': 1.119.0(react-dom@19.1.0(react@19.1.0))(react@19.1.0)
      '@tanstack/router-devtools-core': 1.119.0(@tanstack/router-core@1.119.0)(csstype@3.1.3)(solid-js@1.9.5)(tiny-invariant@1.3.3)
      react: 19.1.0
      react-dom: 19.1.0(react@19.1.0)
      solid-js: 1.9.5
    transitivePeerDependencies:
      - '@tanstack/router-core'
      - csstype
      - tiny-invariant

  '@tanstack/react-router@1.119.0(react-dom@19.1.0(react@19.1.0))(react@19.1.0)':
    dependencies:
      '@tanstack/history': 1.115.0
      '@tanstack/react-store': 0.7.0(react-dom@19.1.0(react@19.1.0))(react@19.1.0)
      '@tanstack/router-core': 1.119.0
      jsesc: 3.1.0
      react: 19.1.0
      react-dom: 19.1.0(react@19.1.0)
      tiny-invariant: 1.3.3
      tiny-warning: 1.0.3

  '@tanstack/react-store@0.7.0(react-dom@19.1.0(react@19.1.0))(react@19.1.0)':
    dependencies:
      '@tanstack/store': 0.7.0
      react: 19.1.0
      react-dom: 19.1.0(react@19.1.0)
      use-sync-external-store: 1.5.0(react@19.1.0)

  '@tanstack/router-core@1.119.0':
    dependencies:
      '@tanstack/history': 1.115.0
      '@tanstack/store': 0.7.0
      tiny-invariant: 1.3.3

  '@tanstack/router-devtools-core@1.119.0(@tanstack/router-core@1.119.0)(csstype@3.1.3)(solid-js@1.9.5)(tiny-invariant@1.3.3)':
    dependencies:
      '@tanstack/router-core': 1.119.0
      clsx: 2.1.1
      goober: 2.1.16(csstype@3.1.3)
      solid-js: 1.9.5
      tiny-invariant: 1.3.3
    optionalDependencies:
      csstype: 3.1.3

  '@tanstack/store@0.7.0': {}

  clsx@2.1.1: {}

  csstype@3.1.3: {}

  goober@2.1.16(csstype@3.1.3):
    dependencies:
      csstype: 3.1.3

  jsesc@3.1.0: {}

  react-dom@19.1.0(react@19.1.0):
    dependencies:
      react: 19.1.0
      scheduler: 0.26.0

  react@19.1.0: {}

  scheduler@0.26.0: {}

  seroval-plugins@1.2.1(seroval@1.2.1):
    dependencies:
      seroval: 1.2.1

  seroval@1.2.1: {}

  solid-js@1.9.5:
    dependencies:
      csstype: 3.1.3
      seroval: 1.2.1
      seroval-plugins: 1.2.1(seroval@1.2.1)

  tiny-invariant@1.3.3: {}

  tiny-warning@1.0.3: {}

  use-sync-external-store@1.5.0(react@19.1.0):
    dependencies:
      react: 19.1.0
